
Microsoft Visual Studio Solution File, Format Version 12.00
# Visual Studio 15
VisualStudioVersion = 15.0.27130.2036
MinimumVisualStudioVersion = 10.0.40219.1
Project("{FAE04EC0-301F-11D3-BF4B-00C04F79EFBC}") = "Silvercrest.Web", "Silvercrest.Web\Silvercrest.Web.csproj", "{1213E442-2D35-4885-9A07-AFA03856543F}"
EndProject
Project("{FAE04EC0-301F-11D3-BF4B-00C04F79EFBC}") = "Silvercrest.BusinessLogic", "Silvercrest.BusinessLogic\Silvercrest.BusinessLogic.csproj", "{E39480BB-C059-42DD-8A19-B70BC9C442D6}"
EndProject
Project("{FAE04EC0-301F-11D3-BF4B-00C04F79EFBC}") = "Silvercrest.DataAccess", "Silvercrest.DataAccess\Silvercrest.DataAccess.csproj", "{54A03D5C-F148-49FD-AB6E-9E3DA97E0B72}"
EndProject
Project("{FAE04EC0-301F-11D3-BF4B-00C04F79EFBC}") = "Silvercrest.Entities", "Silvercrest.Entities\Silvercrest.Entities.csproj", "{219DC282-435F-4F5F-9ECD-10009A430A9C}"
EndProject
Project("{FAE04EC0-301F-11D3-BF4B-00C04F79EFBC}") = "Silvercrest.Interfaces", "Silvercrest.Interfaces\Silvercrest.Interfaces.csproj", "{682B7557-BC7C-47B8-A571-F574207BE299}"
EndProject
Project("{FAE04EC0-301F-11D3-BF4B-00C04F79EFBC}") = "Silvercrest.Services", "Silvercrest.Services\Silvercrest.Services.csproj", "{0FE546EF-CC12-429A-92DC-588F93FE98C0}"
EndProject
Project("{FAE04EC0-301F-11D3-BF4B-00C04F79EFBC}") = "Silvercrest.ViewModels", "Silvercrest.ViewModels\Silvercrest.ViewModels.csproj", "{DBFF25D0-ED2B-4F84-A6E6-72F3790F54B4}"
EndProject
Project("{FAE04EC0-301F-11D3-BF4B-00C04F79EFBC}") = "Silvercrest.Utilities", "Silvercrest.Utilities\Silvercrest.Utilities.csproj", "{09E24FD3-70EB-4EB4-A9D7-193FF89CBFB9}"
EndProject
Project("{FAE04EC0-301F-11D3-BF4B-00C04F79EFBC}") = "DocumentsApp", "DocumentsApp\DocumentsApp\DocumentsApp.csproj", "{CA4E34FD-C5ED-4583-A8E1-84A0C31E310B}"
EndProject
Project("{FAE04EC0-301F-11D3-BF4B-00C04F79EFBC}") = "UploadZip", "UploadZip\UploadZip.csproj", "{FE308422-5297-4EDD-8900-CA41D550BDA7}"
EndProject
Global
	GlobalSection(SolutionConfigurationPlatforms) = preSolution
		Debug|Any CPU = Debug|Any CPU
		Debug|x64 = Debug|x64
		Release|Any CPU = Release|Any CPU
		Release|x64 = Release|x64
	EndGlobalSection
	GlobalSection(ProjectConfigurationPlatforms) = postSolution
		{1213E442-2D35-4885-9A07-AFA03856543F}.Debug|Any CPU.ActiveCfg = Debug|Any CPU
		{1213E442-2D35-4885-9A07-AFA03856543F}.Debug|Any CPU.Build.0 = Debug|Any CPU
		{1213E442-2D35-4885-9A07-AFA03856543F}.Debug|x64.ActiveCfg = Debug|x64
		{1213E442-2D35-4885-9A07-AFA03856543F}.Debug|x64.Build.0 = Debug|x64
		{1213E442-2D35-4885-9A07-AFA03856543F}.Release|Any CPU.ActiveCfg = Release|Any CPU
		{1213E442-2D35-4885-9A07-AFA03856543F}.Release|Any CPU.Build.0 = Release|Any CPU
		{1213E442-2D35-4885-9A07-AFA03856543F}.Release|x64.ActiveCfg = Release|x64
		{1213E442-2D35-4885-9A07-AFA03856543F}.Release|x64.Build.0 = Release|x64
		{E39480BB-C059-42DD-8A19-B70BC9C442D6}.Debug|Any CPU.ActiveCfg = Debug|Any CPU
		{E39480BB-C059-42DD-8A19-B70BC9C442D6}.Debug|Any CPU.Build.0 = Debug|Any CPU
		{E39480BB-C059-42DD-8A19-B70BC9C442D6}.Debug|x64.ActiveCfg = Debug|x64
		{E39480BB-C059-42DD-8A19-B70BC9C442D6}.Debug|x64.Build.0 = Debug|x64
		{E39480BB-C059-42DD-8A19-B70BC9C442D6}.Release|Any CPU.ActiveCfg = Release|Any CPU
		{E39480BB-C059-42DD-8A19-B70BC9C442D6}.Release|Any CPU.Build.0 = Release|Any CPU
		{E39480BB-C059-42DD-8A19-B70BC9C442D6}.Release|x64.ActiveCfg = Release|x64
		{E39480BB-C059-42DD-8A19-B70BC9C442D6}.Release|x64.Build.0 = Release|x64
		{54A03D5C-F148-49FD-AB6E-9E3DA97E0B72}.Debug|Any CPU.ActiveCfg = Debug|Any CPU
		{54A03D5C-F148-49FD-AB6E-9E3DA97E0B72}.Debug|Any CPU.Build.0 = Debug|Any CPU
		{54A03D5C-F148-49FD-AB6E-9E3DA97E0B72}.Debug|x64.ActiveCfg = Debug|x64
		{54A03D5C-F148-49FD-AB6E-9E3DA97E0B72}.Debug|x64.Build.0 = Debug|x64
		{54A03D5C-F148-49FD-AB6E-9E3DA97E0B72}.Release|Any CPU.ActiveCfg = Release|Any CPU
		{54A03D5C-F148-49FD-AB6E-9E3DA97E0B72}.Release|Any CPU.Build.0 = Release|Any CPU
		{54A03D5C-F148-49FD-AB6E-9E3DA97E0B72}.Release|x64.ActiveCfg = Release|x64
		{54A03D5C-F148-49FD-AB6E-9E3DA97E0B72}.Release|x64.Build.0 = Release|x64
		{219DC282-435F-4F5F-9ECD-10009A430A9C}.Debug|Any CPU.ActiveCfg = Debug|Any CPU
		{219DC282-435F-4F5F-9ECD-10009A430A9C}.Debug|Any CPU.Build.0 = Debug|Any CPU
		{219DC282-435F-4F5F-9ECD-10009A430A9C}.Debug|x64.ActiveCfg = Debug|x64
		{219DC282-435F-4F5F-9ECD-10009A430A9C}.Debug|x64.Build.0 = Debug|x64
		{219DC282-435F-4F5F-9ECD-10009A430A9C}.Release|Any CPU.ActiveCfg = Release|Any CPU
		{219DC282-435F-4F5F-9ECD-10009A430A9C}.Release|Any CPU.Build.0 = Release|Any CPU
		{219DC282-435F-4F5F-9ECD-10009A430A9C}.Release|x64.ActiveCfg = Release|x64
		{219DC282-435F-4F5F-9ECD-10009A430A9C}.Release|x64.Build.0 = Release|x64
		{682B7557-BC7C-47B8-A571-F574207BE299}.Debug|Any CPU.ActiveCfg = Debug|Any CPU
		{682B7557-BC7C-47B8-A571-F574207BE299}.Debug|Any CPU.Build.0 = Debug|Any CPU
		{682B7557-BC7C-47B8-A571-F574207BE299}.Debug|x64.ActiveCfg = Debug|x64
		{682B7557-BC7C-47B8-A571-F574207BE299}.Debug|x64.Build.0 = Debug|x64
		{682B7557-BC7C-47B8-A571-F574207BE299}.Release|Any CPU.ActiveCfg = Release|Any CPU
		{682B7557-BC7C-47B8-A571-F574207BE299}.Release|Any CPU.Build.0 = Release|Any CPU
		{682B7557-BC7C-47B8-A571-F574207BE299}.Release|x64.ActiveCfg = Release|x64
		{682B7557-BC7C-47B8-A571-F574207BE299}.Release|x64.Build.0 = Release|x64
		{0FE546EF-CC12-429A-92DC-588F93FE98C0}.Debug|Any CPU.ActiveCfg = Debug|Any CPU
		{0FE546EF-CC12-429A-92DC-588F93FE98C0}.Debug|Any CPU.Build.0 = Debug|Any CPU
		{0FE546EF-CC12-429A-92DC-588F93FE98C0}.Debug|x64.ActiveCfg = Debug|x64
		{0FE546EF-CC12-429A-92DC-588F93FE98C0}.Debug|x64.Build.0 = Debug|x64
		{0FE546EF-CC12-429A-92DC-588F93FE98C0}.Release|Any CPU.ActiveCfg = Release|Any CPU
		{0FE546EF-CC12-429A-92DC-588F93FE98C0}.Release|Any CPU.Build.0 = Release|Any CPU
		{0FE546EF-CC12-429A-92DC-588F93FE98C0}.Release|x64.ActiveCfg = Release|x64
		{0FE546EF-CC12-429A-92DC-588F93FE98C0}.Release|x64.Build.0 = Release|x64
		{DBFF25D0-ED2B-4F84-A6E6-72F3790F54B4}.Debug|Any CPU.ActiveCfg = Debug|Any CPU
		{DBFF25D0-ED2B-4F84-A6E6-72F3790F54B4}.Debug|Any CPU.Build.0 = Debug|Any CPU
		{DBFF25D0-ED2B-4F84-A6E6-72F3790F54B4}.Debug|x64.ActiveCfg = Debug|x64
		{DBFF25D0-ED2B-4F84-A6E6-72F3790F54B4}.Debug|x64.Build.0 = Debug|x64
		{DBFF25D0-ED2B-4F84-A6E6-72F3790F54B4}.Release|Any CPU.ActiveCfg = Release|Any CPU
		{DBFF25D0-ED2B-4F84-A6E6-72F3790F54B4}.Release|Any CPU.Build.0 = Release|Any CPU
		{DBFF25D0-ED2B-4F84-A6E6-72F3790F54B4}.Release|x64.ActiveCfg = Release|x64
		{DBFF25D0-ED2B-4F84-A6E6-72F3790F54B4}.Release|x64.Build.0 = Release|x64
		{09E24FD3-70EB-4EB4-A9D7-193FF89CBFB9}.Debug|Any CPU.ActiveCfg = Debug|Any CPU
		{09E24FD3-70EB-4EB4-A9D7-193FF89CBFB9}.Debug|Any CPU.Build.0 = Debug|Any CPU
		{09E24FD3-70EB-4EB4-A9D7-193FF89CBFB9}.Debug|x64.ActiveCfg = Debug|x64
		{09E24FD3-70EB-4EB4-A9D7-193FF89CBFB9}.Debug|x64.Build.0 = Debug|x64
		{09E24FD3-70EB-4EB4-A9D7-193FF89CBFB9}.Release|Any CPU.ActiveCfg = Release|Any CPU
		{09E24FD3-70EB-4EB4-A9D7-193FF89CBFB9}.Release|Any CPU.Build.0 = Release|Any CPU
		{09E24FD3-70EB-4EB4-A9D7-193FF89CBFB9}.Release|x64.ActiveCfg = Release|x64
		{09E24FD3-70EB-4EB4-A9D7-193FF89CBFB9}.Release|x64.Build.0 = Release|x64
		{CA4E34FD-C5ED-4583-A8E1-84A0C31E310B}.Debug|Any CPU.ActiveCfg = Debug|Any CPU
		{CA4E34FD-C5ED-4583-A8E1-84A0C31E310B}.Debug|Any CPU.Build.0 = Debug|Any CPU
		{CA4E34FD-C5ED-4583-A8E1-84A0C31E310B}.Debug|x64.ActiveCfg = Debug|x64
		{CA4E34FD-C5ED-4583-A8E1-84A0C31E310B}.Debug|x64.Build.0 = Debug|x64
		{CA4E34FD-C5ED-4583-A8E1-84A0C31E310B}.Release|Any CPU.ActiveCfg = Release|Any CPU
		{CA4E34FD-C5ED-4583-A8E1-84A0C31E310B}.Release|Any CPU.Build.0 = Release|Any CPU
		{CA4E34FD-C5ED-4583-A8E1-84A0C31E310B}.Release|x64.ActiveCfg = Release|x64
		{CA4E34FD-C5ED-4583-A8E1-84A0C31E310B}.Release|x64.Build.0 = Release|x64
		{FE308422-5297-4EDD-8900-CA41D550BDA7}.Debug|Any CPU.ActiveCfg = Debug|Any CPU
		{FE308422-5297-4EDD-8900-CA41D550BDA7}.Debug|Any CPU.Build.0 = Debug|Any CPU
		{FE308422-5297-4EDD-8900-CA41D550BDA7}.Debug|x64.ActiveCfg = Debug|Any CPU
		{FE308422-5297-4EDD-8900-CA41D550BDA7}.Debug|x64.Build.0 = Debug|Any CPU
		{FE308422-5297-4EDD-8900-CA41D550BDA7}.Release|Any CPU.ActiveCfg = Release|Any CPU
		{FE308422-5297-4EDD-8900-CA41D550BDA7}.Release|Any CPU.Build.0 = Release|Any CPU
		{FE308422-5297-4EDD-8900-CA41D550BDA7}.Release|x64.ActiveCfg = Release|Any CPU
		{FE308422-5297-4EDD-8900-CA41D550BDA7}.Release|x64.Build.0 = Release|Any CPU
	EndGlobalSection
	GlobalSection(SolutionProperties) = preSolution
		HideSolutionNode = FALSE
	EndGlobalSection
	GlobalSection(ExtensibilityGlobals) = postSolution
		SolutionGuid = {77CC7A57-DB7C-442A-8454-5E059F41CDB2}
	EndGlobalSection
EndGlobal
